
Microsoft Visual Studio Solution File, Format Version 12.00
# Visual Studio Version 16
VisualStudioVersion = 16.0.29920.165
MinimumVisualStudioVersion = 10.0.40219.1
Project("{9A19103F-16F7-4668-BE54-9A1E7A4F7556}") = "WorkflowMaxOAuth2Sample", "WorkflowMaxOAuth2Sample\WorkflowMaxOAuth2Sample.csproj", "{C493BADF-2703-4BE5-B8D7-4A3D42E21487}"
EndProject
Global
	GlobalSection(SolutionConfigurationPlatforms) = preSolution
		Debug|Any CPU = Debug|Any CPU
		Release|Any CPU = Release|Any CPU
	EndGlobalSection
	GlobalSection(ProjectConfigurationPlatforms) = postSolution
		{C493BADF-2703-4BE5-B8D7-4A3D42E21487}.Debug|Any CPU.ActiveCfg = Debug|Any CPU
		{C493BADF-2703-4BE5-B8D7-4A3D42E21487}.Debug|Any CPU.Build.0 = Debug|Any CPU
		{C493BADF-2703-4BE5-B8D7-4A3D42E21487}.Release|Any CPU.ActiveCfg = Release|Any CPU
		{C493BADF-2703-4BE5-B8D7-4A3D42E21487}.Release|Any CPU.Build.0 = Release|Any CPU
	EndGlobalSection
	GlobalSection(SolutionProperties) = preSolution
		HideSolutionNode = FALSE
	EndGlobalSection
	GlobalSection(ExtensibilityGlobals) = postSolution
		SolutionGuid = {D90941E7-BEED-40BB-BBBE-A2FD572AD486}
	EndGlobalSection
EndGlobal
